PODS:
  - DropDown (2.3.13)
  - HapticGenerator (4.1.0)

DEPENDENCIES:
  - DropDown
  - HapticGenerator

SPEC REPOS:
  trunk:
    - DropDown
    - HapticGenerator

SPEC CHECKSUMS:
  DropDown: 8a2116376c1981888557f72ec2ffc9a5e0e456ec
  HapticGenerator: 512f7732928b2f596d1e3ca7ef33908fcdccf8fe

PODFILE CHECKSUM: a5b8558d716b4fae8144f1eb23e6a8bfb73c076a

COCOAPODS: 1.11.3
